{
  "version": 4,
  "terraform_version": "1.0.11",
  "serial": 315,
  "lineage": "0b0267dd-89fc-145e-3f14-22e501369095",
  "outputs": {},
  "resources": [
    {
      "mode": "managed",
      "type": "azurerm_bastion_host",
      "name": "hvsoc0101-siempfnfs-bastion",
      "provider": "provider[\"registry.terraform.io/hashicorp/azurerm\"]",
      "instances": [
        {
          "schema_version": 0,
          "attributes": {
            "dns_name": "bst-a2a971af-4e41-45d3-bbd8-31f7a2dbff59.bastion.azure.com",
            "id": "/subscriptions/e3b6ef5f-4e73-4510-9f11-2e94e2e518c7/resourceGroups/duplicate_hvsoc_siempf/providers/Microsoft.Network/bastionHosts/hvsoc0101-siempfnfs-bastion",
            "ip_configuration": [
              {
                "name": "IpConf",
                "public_ip_address_id": "/subscriptions/e3b6ef5f-4e73-4510-9f11-2e94e2e518c7/resourceGroups/duplicate_hvsoc_siempf/providers/Microsoft.Network/publicIPAddresses/hvsoc0101-siempfnfs-vnet-public-ip",
                "subnet_id": "/subscriptions/e3b6ef5f-4e73-4510-9f11-2e94e2e518c7/resourceGroups/duplicate_hvsoc_siempf/providers/Microsoft.Network/virtualNetworks/hvsoc0101-siempfnfs-vnet/subnets/AzureBastionSubnet"
              }
            ],
            "location": "japaneast",
            "name": "hvsoc0101-siempfnfs-bastion",
            "resource_group_name": "duplicate_hvsoc_siempf",
            "sku": "Standard",
            "tags": null,
            "timeouts": {
              "create": null,
              "delete": null,
              "read": null,
              "update": null
            }
          },
          "sensitive_attributes": [],
          "private": "eyJlMmJmYjczMC1lY2FhLTExZTYtOGY4OC0zNDM2M2JjN2M0YzAiOnsiY3JlYXRlIjoxODAwMDAwMDAwMDAwLCJkZWxldGUiOjE4MDAwMDAwMDAwMDAsInJlYWQiOjMwMDAwMDAwMDAwMCwidXBkYXRlIjoxODAwMDAwMDAwMDAwfX0=",
          "dependencies": [
            "azurerm_public_ip.hvsoc0101-siempfnfs-vnet-public-ip",
            "azurerm_resource_group.hvsoc_siempf",
            "azurerm_subnet.hvsoc_siempf_AzureBastion_Subnet",
            "azurerm_virtual_network.hvsoc0101-siempfnfs-vnet"
          ]
        }
      ]
    },
    {
      "mode": "managed",
      "type": "azurerm_dev_test_global_vm_shutdown_schedule",
      "name": "shutdown-computevm-hvsoc0101-siempfnfs-vm-linux-sp-hvyfrd",
      "provider": "provider[\"registry.terraform.io/hashicorp/azurerm\"]",
      "instances": [
        {
          "schema_version": 0,
          "attributes": {
            "daily_recurrence_time": "0000",
            "enabled": true,
            "id": "/subscriptions/e3b6ef5f-4e73-4510-9f11-2e94e2e518c7/resourcegroups/duplicate_hvsoc_siempf/providers/microsoft.devtestlab/schedules/shutdown-computevm-hvsoc0101-siempfnfs-vm-linux-sp-hvyfrd",
            "location": "japaneast",
            "notification_settings": [
              {
                "email": "katsuya.sakurai.eh@hitachi.com;zihao.zhang.na@hitachi.com",
                "enabled": true,
                "time_in_minutes": 30,
                "webhook_url": ""
              }
            ],
            "tags": null,
            "timeouts": {
              "create": null,
              "delete": null,
              "read": null,
              "update": null
            },
            "timezone": "Tokyo Standard Time",
            "virtual_machine_id": "/subscriptions/e3b6ef5f-4e73-4510-9f11-2e94e2e518c7/resourceGroups/duplicate_hvsoc_siempf/providers/Microsoft.Compute/virtualMachines/hvsoc0101-siempfnfs-vm-linux-sp-hvyfrd"
          },
          "sensitive_attributes": [],
          "private": "eyJlMmJmYjczMC1lY2FhLTExZTYtOGY4OC0zNDM2M2JjN2M0YzAiOnsiY3JlYXRlIjoxODAwMDAwMDAwMDAwLCJkZWxldGUiOjE4MDAwMDAwMDAwMDAsInJlYWQiOjMwMDAwMDAwMDAwMCwidXBkYXRlIjoxODAwMDAwMDAwMDAwfX0=",
          "dependencies": [
            "azurerm_network_interface.hvsoc0101-siempfnfs-691",
            "azurerm_public_ip.hvsoc0101-siempfnfs-vnet-public-ip3",
            "azurerm_resource_group.hvsoc_siempf",
            "azurerm_subnet.hvsoc_siempf_subnet-indexer_Subnet",
            "azurerm_virtual_machine.hvsoc0101-siempfnfs-vm-linux-sp-hvyfrd",
            "azurerm_virtual_network.hvsoc0101-siempfnfs-vnet"
          ]
        }
      ]
    },
    {
      "mode": "managed",
      "type": "azurerm_dev_test_global_vm_shutdown_schedule",
      "name": "shutdown-computevm-hvsoc0101-siempfnfs-vm-linux-sp-sa",
      "provider": "provider[\"registry.terraform.io/hashicorp/azurerm\"]",
      "instances": [
        {
          "schema_version": 0,
          "attributes": {
            "daily_recurrence_time": "0000",
            "enabled": true,
            "id": "/subscriptions/e3b6ef5f-4e73-4510-9f11-2e94e2e518c7/resourcegroups/duplicate_hvsoc_siempf/providers/microsoft.devtestlab/schedules/shutdown-computevm-hvsoc0101-siempfnfs-vm-linux-sp-sa",
            "location": "japaneast",
            "notification_settings": [
              {
                "email": "katsuya.sakurai.eh@hitachi.com;zihao.zhang.na@hitachi.com",
                "enabled": true,
                "time_in_minutes": 30,
                "webhook_url": ""
              }
            ],
            "tags": null,
            "timeouts": {
              "create": null,
              "delete": null,
              "read": null,
              "update": null
            },
            "timezone": "Tokyo Standard Time",
            "virtual_machine_id": "/subscriptions/e3b6ef5f-4e73-4510-9f11-2e94e2e518c7/resourceGroups/duplicate_hvsoc_siempf/providers/Microsoft.Compute/virtualMachines/hvsoc0101-siempfnfs-vm-linux-sp-sa"
          },
          "sensitive_attributes": [],
          "private": "eyJlMmJmYjczMC1lY2FhLTExZTYtOGY4OC0zNDM2M2JjN2M0YzAiOnsiY3JlYXRlIjoxODAwMDAwMDAwMDAwLCJkZWxldGUiOjE4MDAwMDAwMDAwMDAsInJlYWQiOjMwMDAwMDAwMDAwMCwidXBkYXRlIjoxODAwMDAwMDAwMDAwfX0=",
          "dependencies": [
            "azurerm_network_interface.hvsoc0101-siempfnfs-484",
            "azurerm_resource_group.hvsoc_siempf",
            "azurerm_subnet.hvsoc_siempf_subnet-indexer_Subnet",
            "azurerm_virtual_machine.hvsoc0101-siempfnfs-vm-linux-sp-sa",
            "azurerm_virtual_network.hvsoc0101-siempfnfs-vnet"
          ]
        }
      ]
    },
    {
      "mode": "managed",
      "type": "azurerm_firewall",
      "name": "hvsoc_siempf_FW",
      "provider": "provider[\"registry.terraform.io/hashicorp/azurerm\"]",
      "instances": [
        {
          "schema_version": 0,
          "attributes": {
            "dns_servers": null,
            "firewall_policy_id": "/subscriptions/e3b6ef5f-4e73-4510-9f11-2e94e2e518c7/resourceGroups/duplicate_hvsoc_siempf/providers/Microsoft.Network/firewallPolicies/hvsoc_siempf_FW_policy",
            "id": "/subscriptions/e3b6ef5f-4e73-4510-9f11-2e94e2e518c7/resourceGroups/duplicate_hvsoc_siempf/providers/Microsoft.Network/azureFirewalls/hvsoc_siempf_FW",
            "ip_configuration": [
              {
                "name": "hvsoc0101-siempfnfs-vnet-public-ip-FW",
                "private_ip_address": "172.21.0.4",
                "public_ip_address_id": "/subscriptions/e3b6ef5f-4e73-4510-9f11-2e94e2e518c7/resourceGroups/duplicate_hvsoc_siempf/providers/Microsoft.Network/publicIPAddresses/hvsoc0101-siempfnfs-vnet-public-ip-FW",
                "subnet_id": "/subscriptions/e3b6ef5f-4e73-4510-9f11-2e94e2e518c7/resourceGroups/duplicate_hvsoc_siempf/providers/Microsoft.Network/virtualNetworks/hvsoc0101-siempfnfs-vnet/subnets/AzureFirewallSubnet"
              }
            ],
            "location": "japaneast",
            "management_ip_configuration": [],
            "name": "hvsoc_siempf_FW",
            "private_ip_ranges": null,
            "resource_group_name": "duplicate_hvsoc_siempf",
            "sku_name": "AZFW_VNet",
            "sku_tier": "Standard",
            "tags": null,
            "threat_intel_mode": "Alert",
            "timeouts": {
              "create": null,
              "delete": null,
              "read": null,
              "update": null
            },
            "virtual_hub": [],
            "zones": []
          },
          "sensitive_attributes": [],
          "private": "eyJlMmJmYjczMC1lY2FhLTExZTYtOGY4OC0zNDM2M2JjN2M0YzAiOnsiY3JlYXRlIjo1NDAwMDAwMDAwMDAwLCJkZWxldGUiOjU0MDAwMDAwMDAwMDAsInJlYWQiOjMwMDAwMDAwMDAwMCwidXBkYXRlIjo1NDAwMDAwMDAwMDAwfX0=",
          "dependencies": [
            "azurerm_firewall_policy.hvsoc_siempf_FW_policy",
            "azurerm_public_ip.hvsoc0101-siempfnfs-vnet-public-ip-FW",
            "azurerm_resource_group.hvsoc_siempf",
            "azurerm_subnet.hvsoc_siempf_AzureFirewallSubnet_Subnet",
            "azurerm_virtual_network.hvsoc0101-siempfnfs-vnet"
          ]
        }
      ]
    },
    {
      "mode": "managed",
      "type": "azurerm_firewall_policy",
      "name": "hvsoc_siempf_FW_policy",
      "provider": "provider[\"registry.terraform.io/hashicorp/azurerm\"]",
      "instances": [
        {
          "schema_version": 0,
          "attributes": {
            "base_policy_id": "",
            "child_policies": [],
            "dns": [
              {
                "network_rule_fqdn_enabled": false,
                "proxy_enabled": true,
                "servers": null
              }
            ],
            "firewalls": [],
            "id": "/subscriptions/e3b6ef5f-4e73-4510-9f11-2e94e2e518c7/resourceGroups/duplicate_hvsoc_siempf/providers/Microsoft.Network/firewallPolicies/hvsoc_siempf_FW_policy",
            "identity": [],
            "insights": [],
            "intrusion_detection": [],
            "location": "japaneast",
            "name": "hvsoc_siempf_FW_policy",
            "private_ip_ranges": null,
            "resource_group_name": "duplicate_hvsoc_siempf",
            "rule_collection_groups": [],
            "sku": "Standard",
            "tags": null,
            "threat_intelligence_allowlist": [],
            "threat_intelligence_mode": "Alert",
            "timeouts": {
              "create": null,
              "delete": null,
              "read": null,
              "update": null
            },
            "tls_certificate": []
          },
          "sensitive_attributes": [],
          "private": "eyJlMmJmYjczMC1lY2FhLTExZTYtOGY4OC0zNDM2M2JjN2M0YzAiOnsiY3JlYXRlIjoxODAwMDAwMDAwMDAwLCJkZWxldGUiOjE4MDAwMDAwMDAwMDAsInJlYWQiOjMwMDAwMDAwMDAwMCwidXBkYXRlIjoxODAwMDAwMDAwMDAwfX0=",
          "dependencies": [
            "azurerm_resource_group.hvsoc_siempf"
          ]
        }
      ]
    },
    {
      "mode": "managed",
      "type": "azurerm_key_vault",
      "name": "hvsocKeyVault",
      "provider": "provider[\"registry.terraform.io/hashicorp/azurerm\"]",
      "instances": [
        {
          "schema_version": 2,
          "attributes": {
            "access_policy": [
              {
                "application_id": "",
                "certificate_permissions": [
                  "Get",
                  "List",
                  "Update",
                  "Create",
                  "Import",
                  "Delete",
                  "Recover",
                  "Backup",
                  "Restore",
                  "ManageContacts",
                  "ManageIssuers",
                  "GetIssuers",
                  "ListIssuers",
                  "SetIssuers",
                  "DeleteIssuers"
                ],
                "key_permissions": [
                  "Get",
                  "List",
                  "Update",
                  "Create",
                  "Import",
                  "Delete",
                  "Recover",
                  "Backup",
                  "Restore"
                ],
                "object_id": "1af2d7b8-ebba-4922-bb13-101bc65a5174",
                "secret_permissions": [
                  "Get",
                  "List",
                  "Set",
                  "Delete",
                  "Recover",
                  "Backup",
                  "Restore"
                ],
                "storage_permissions": [],
                "tenant_id": "f54277c9-dafe-44aa-85a4-73d5c7c52450"
              },
              {
                "application_id": "",
                "certificate_permissions": [
                  "Get",
                  "List",
                  "Update",
                  "Create",
                  "Import",
                  "Delete",
                  "Recover",
                  "Backup",
                  "Restore",
                  "ManageContacts",
                  "ManageIssuers",
                  "GetIssuers",
                  "ListIssuers",
                  "SetIssuers",
                  "DeleteIssuers"
                ],
                "key_permissions": [
                  "Get",
                  "List",
                  "Update",
                  "Create",
                  "Import",
                  "Delete",
                  "Backup",
                  "Restore",
                  "Recover"
                ],
                "object_id": "28f89408-861c-4a4b-823c-ff981a23d069",
                "secret_permissions": [
                  "Get",
                  "List",
                  "Set",
                  "Delete",
                  "Recover",
                  "Backup",
                  "Restore"
                ],
                "storage_permissions": [],
                "tenant_id": "f54277c9-dafe-44aa-85a4-73d5c7c52450"
              },
              {
                "application_id": "",
                "certificate_permissions": [
                  "Get",
                  "List",
                  "Update",
                  "Create",
                  "Import",
                  "Delete",
                  "Recover",
                  "Backup",
                  "Restore",
                  "ManageContacts",
                  "ManageIssuers",
                  "GetIssuers",
                  "ListIssuers",
                  "SetIssuers",
                  "DeleteIssuers"
                ],
                "key_permissions": [
                  "Get",
                  "List",
                  "Update",
                  "Create",
                  "Import",
                  "Recover",
                  "Delete",
                  "Backup",
                  "Restore"
                ],
                "object_id": "0d4a80c9-72b0-45fb-b68d-82cd8f02680e",
                "secret_permissions": [
                  "Get",
                  "List",
                  "Set",
                  "Delete",
                  "Recover",
                  "Backup",
                  "Restore"
                ],
                "storage_permissions": [],
                "tenant_id": "f54277c9-dafe-44aa-85a4-73d5c7c52450"
              },
              {
                "application_id": "",
                "certificate_permissions": [
                  "Get",
                  "List",
                  "Update",
                  "Create",
                  "Import",
                  "Delete",
                  "Recover",
                  "Backup",
                  "Restore",
                  "ManageContacts",
                  "ManageIssuers",
                  "GetIssuers",
                  "ListIssuers",
                  "SetIssuers",
                  "DeleteIssuers"
                ],
                "key_permissions": [
                  "Get",
                  "List",
                  "Update",
                  "Create",
                  "Import",
                  "Delete",
                  "Recover",
                  "Backup",
                  "Restore"
                ],
                "object_id": "7a618a0a-8dbd-4d8a-9ff4-d00d569ac53d",
                "secret_permissions": [
                  "Get",
                  "List",
                  "Set",
                  "Delete",
                  "Recover",
                  "Backup",
                  "Restore"
                ],
                "storage_permissions": [],
                "tenant_id": "f54277c9-dafe-44aa-85a4-73d5c7c52450"
              },
              {
                "application_id": "",
                "certificate_permissions": [
                  "Get",
                  "List",
                  "Update",
                  "Create",
                  "Import",
                  "Delete",
                  "Recover",
                  "Backup",
                  "Restore",
                  "ManageContacts",
                  "ManageIssuers",
                  "GetIssuers",
                  "ListIssuers",
                  "SetIssuers",
                  "DeleteIssuers"
                ],
                "key_permissions": [
                  "Get",
                  "List",
                  "Update",
                  "Create",
                  "Import",
                  "Delete",
                  "Recover",
                  "Backup",
                  "Restore"
                ],
                "object_id": "84d82fb2-dd40-4dcc-ae35-6591b30fbf8c",
                "secret_permissions": [
                  "Get",
                  "List",
                  "Set",
                  "Delete",
                  "Recover",
                  "Backup",
                  "Restore"
                ],
                "storage_permissions": [],
                "tenant_id": "f54277c9-dafe-44aa-85a4-73d5c7c52450"
              },
              {
                "application_id": "",
                "certificate_permissions": [
                  "Get",
                  "List",
                  "Update",
                  "Create",
                  "Import",
                  "Delete",
                  "Recover",
                  "Backup",
                  "Restore",
                  "ManageContacts",
                  "ManageIssuers",
                  "GetIssuers",
                  "ListIssuers",
                  "SetIssuers",
                  "DeleteIssuers"
                ],
                "key_permissions": [
                  "Get",
                  "List",
                  "Update",
                  "Create",
                  "Import",
                  "Delete",
                  "Recover",
                  "Backup",
                  "Restore"
                ],
                "object_id": "06526e43-b295-4379-aed6-02bf1c13abf5",
                "secret_permissions": [
                  "Get",
                  "List",
                  "Set",
                  "Delete",
                  "Recover",
                  "Backup",
                  "Restore"
                ],
                "storage_permissions": [],
                "tenant_id": "f54277c9-dafe-44aa-85a4-73d5c7c52450"
              },
              {
                "application_id": "",
                "certificate_permissions": [
                  "Get",
                  "List",
                  "Update",
                  "Create",
                  "Import",
                  "Delete",
                  "Recover",
                  "Backup",
                  "Restore",
                  "ManageContacts",
                  "ManageIssuers",
                  "GetIssuers",
                  "ListIssuers",
                  "SetIssuers",
                  "DeleteIssuers"
                ],
                "key_permissions": [
                  "Get",
                  "List",
                  "Update",
                  "Create",
                  "Import",
                  "Delete",
                  "Recover",
                  "Backup",
                  "Restore"
                ],
                "object_id": "13042750-e5c2-40fe-95ad-c13c58d9c528",
                "secret_permissions": [
                  "Get",
                  "List",
                  "Set",
                  "Delete",
                  "Recover",
                  "Backup",
                  "Restore"
                ],
                "storage_permissions": [],
                "tenant_id": "f54277c9-dafe-44aa-85a4-73d5c7c52450"
              },
              {
                "application_id": "",
                "certificate_permissions": [
                  "Get",
                  "List",
                  "Update",
                  "Create",
                  "Import",
                  "Delete",
                  "Recover",
                  "Backup",
                  "Restore",
                  "ManageContacts",
                  "ManageIssuers",
                  "GetIssuers",
                  "ListIssuers",
                  "SetIssuers",
                  "DeleteIssuers"
                ],
                "key_permissions": [
                  "Get",
                  "List",
                  "Update",
                  "Create",
                  "Import",
                  "Delete",
                  "Recover",
                  "Backup",
                  "Restore"
                ],
                "object_id": "45a38c8d-62a1-4e2a-8a4d-9ac854a8efe8",
                "secret_permissions": [
                  "Get",
                  "List",
                  "Set",
                  "Delete",
                  "Recover",
                  "Backup",
                  "Restore"
                ],
                "storage_permissions": [],
                "tenant_id": "f54277c9-dafe-44aa-85a4-73d5c7c52450"
              },
              {
                "application_id": "",
                "certificate_permissions": [
                  "Get",
                  "List",
                  "Update",
                  "Create",
                  "Import",
                  "Delete",
                  "Recover",
                  "Backup",
                  "Restore",
                  "ManageContacts",
                  "ManageIssuers",
                  "GetIssuers",
                  "ListIssuers",
                  "SetIssuers",
                  "DeleteIssuers"
                ],
                "key_permissions": [
                  "Get",
                  "List",
                  "Update",
                  "Create",
                  "Import",
                  "Delete",
                  "Recover",
                  "Backup",
                  "Restore"
                ],
                "object_id": "e060acd8-6f0e-4084-8095-313d8168612f",
                "secret_permissions": [
                  "Get",
                  "List",
                  "Set",
                  "Delete",
                  "Recover",
                  "Backup",
                  "Restore"
                ],
                "storage_permissions": [],
                "tenant_id": "f54277c9-dafe-44aa-85a4-73d5c7c52450"
              },
              {
                "application_id": "",
                "certificate_permissions": [
                  "Get",
                  "List",
                  "Update",
                  "Create",
                  "Import",
                  "Delete",
                  "Recover",
                  "Backup",
                  "Restore",
                  "ManageContacts",
                  "ManageIssuers",
                  "GetIssuers",
                  "ListIssuers",
                  "SetIssuers",
                  "DeleteIssuers"
                ],
                "key_permissions": [
                  "Get",
                  "List",
                  "Update",
                  "Create",
                  "Import",
                  "Delete",
                  "Recover",
                  "Backup",
                  "Restore"
                ],
                "object_id": "0ddb6033-4fd0-4d04-9226-09fc163b6108",
                "secret_permissions": [
                  "Get",
                  "List",
                  "Set",
                  "Delete",
                  "Recover",
                  "Backup",
                  "Restore"
                ],
                "storage_permissions": [],
                "tenant_id": "f54277c9-dafe-44aa-85a4-73d5c7c52450"
              },
              {
                "application_id": "",
                "certificate_permissions": [
                  "Get",
                  "List",
                  "Update",
                  "Create",
                  "Import",
                  "Delete",
                  "Recover",
                  "Backup",
                  "Restore",
                  "ManageContacts",
                  "ManageIssuers",
                  "GetIssuers",
                  "ListIssuers",
                  "SetIssuers",
                  "DeleteIssuers"
                ],
                "key_permissions": [
                  "Get",
                  "List",
                  "Update",
                  "Create",
                  "Import",
                  "Delete",
                  "Recover",
                  "Backup",
                  "Restore"
                ],
                "object_id": "0c7aa273-2989-45f2-b7f7-c724d581083c",
                "secret_permissions": [
                  "Get",
                  "List",
                  "Set",
                  "Delete",
                  "Recover",
                  "Backup",
                  "Restore"
                ],
                "storage_permissions": [],
                "tenant_id": "f54277c9-dafe-44aa-85a4-73d5c7c52450"
              },
              {
                "application_id": "",
                "certificate_permissions": [
                  "Get",
                  "List",
                  "Update",
                  "Create",
                  "Import",
                  "Delete",
                  "Recover",
                  "Backup",
                  "Restore",
                  "ManageContacts",
                  "ManageIssuers",
                  "GetIssuers",
                  "ListIssuers",
                  "SetIssuers",
                  "DeleteIssuers"
                ],
                "key_permissions": [
                  "Get",
                  "List",
                  "Update",
                  "Create",
                  "Import",
                  "Delete",
                  "Recover",
                  "Backup",
                  "Restore"
                ],
                "object_id": "d254b5ce-072e-490d-aa1f-37f1798d66bd",
                "secret_permissions": [
                  "Get",
                  "List",
                  "Set",
                  "Delete",
                  "Recover",
                  "Backup",
                  "Restore"
                ],
                "storage_permissions": [],
                "tenant_id": "f54277c9-dafe-44aa-85a4-73d5c7c52450"
              },
              {
                "application_id": "",
                "certificate_permissions": [
                  "Get",
                  "List",
                  "Update",
                  "Create",
                  "Import",
                  "Delete",
                  "Recover",
                  "Backup",
                  "Restore",
                  "ManageContacts",
                  "ManageIssuers",
                  "GetIssuers",
                  "ListIssuers",
                  "SetIssuers",
                  "DeleteIssuers"
                ],
                "key_permissions": [
                  "Get",
                  "List",
                  "Update",
                  "Create",
                  "Import",
                  "Delete",
                  "Recover",
                  "Backup",
                  "Restore"
                ],
                "object_id": "8b7520d3-7909-40e3-bf9c-8b052d8448bc",
                "secret_permissions": [
                  "Get",
                  "List",
                  "Set",
                  "Delete",
                  "Recover",
                  "Backup",
                  "Restore"
                ],
                "storage_permissions": [],
                "tenant_id": "f54277c9-dafe-44aa-85a4-73d5c7c52450"
              },
              {
                "application_id": "",
                "certificate_permissions": [
                  "Get",
                  "List",
                  "Update",
                  "Create",
                  "Import",
                  "Delete",
                  "Recover",
                  "Backup",
                  "Restore",
                  "ManageContacts",
                  "ManageIssuers",
                  "GetIssuers",
                  "ListIssuers",
                  "SetIssuers",
                  "DeleteIssuers"
                ],
                "key_permissions": [
                  "Get",
                  "List",
                  "Update",
                  "Create",
                  "Import",
                  "Delete",
                  "Recover",
                  "Backup",
                  "Restore"
                ],
                "object_id": "cbcd42b1-a7d7-479e-a100-c1bd8503bc7d",
                "secret_permissions": [
                  "Get",
                  "List",
                  "Set",
                  "Delete",
                  "Recover",
                  "Backup",
                  "Restore"
                ],
                "storage_permissions": [],
                "tenant_id": "f54277c9-dafe-44aa-85a4-73d5c7c52450"
              }
            ],
            "contact": [],
            "enable_rbac_authorization": false,
            "enabled_for_deployment": false,
            "enabled_for_disk_encryption": false,
            "enabled_for_template_deployment": false,
            "id": "/subscriptions/e3b6ef5f-4e73-4510-9f11-2e94e2e518c7/resourceGroups/duplicate_hvsoc_siempf/providers/Microsoft.KeyVault/vaults/duplicateHvsocKeyVault",
            "location": "japaneast",
            "name": "duplicateHvsocKeyVault",
            "network_acls": [
              {
                "bypass": "AzureServices",
                "default_action": "Deny",
                "ip_rules": [
                  "133.145.228.11/32",
                  "133.145.228.12/32",
                  "133.145.228.13/32",
                  "202.246.251.240/28",
                  "202.246.252.128/25",
                  "202.246.252.96/27"
                ],
                "virtual_network_subnet_ids": [
                  "/subscriptions/e3b6ef5f-4e73-4510-9f11-2e94e2e518c7/resourceGroups/duplicate_hvsoc_siempf/providers/Microsoft.Network/virtualNetworks/hvsoc0101-siempfnfs-vnet/subnets/subnet-container-instances",
                  "/subscriptions/e3b6ef5f-4e73-4510-9f11-2e94e2e518c7/resourceGroups/duplicate_hvsoc_siempf/providers/Microsoft.Network/virtualNetworks/hvsoc0101-siempfnfs-vnet/subnets/subnet-indexer",
                  "/subscriptions/e3b6ef5f-4e73-4510-9f11-2e94e2e518c7/resourceGroups/duplicate_hvsoc_siempf/providers/Microsoft.Network/virtualNetworks/hvsoc0101-siempfnfs-vnet/subnets/subnet-redmine"
                ]
              }
            ],
            "purge_protection_enabled": false,
            "resource_group_name": "duplicate_hvsoc_siempf",
            "sku_name": "standard",
            "soft_delete_enabled": true,
            "soft_delete_retention_days": 90,
            "tags": null,
            "tenant_id": "f54277c9-dafe-44aa-85a4-73d5c7c52450",
            "timeouts": {
              "create": null,
              "delete": null,
              "read": null,
              "update": null
            },
            "vault_uri": "https://duplicatehvsockeyvault.vault.azure.net/"
          },
          "sensitive_attributes": [],
          "private": "eyJlMmJmYjczMC1lY2FhLTExZTYtOGY4OC0zNDM2M2JjN2M0YzAiOnsiY3JlYXRlIjoxODAwMDAwMDAwMDAwLCJkZWxldGUiOjE4MDAwMDAwMDAwMDAsInJlYWQiOjMwMDAwMDAwMDAwMCwidXBkYXRlIjoxODAwMDAwMDAwMDAwfSwic2NoZW1hX3ZlcnNpb24iOiIyIn0=",
          "dependencies": [
            "azurerm_resource_group.hvsoc_siempf",
            "azurerm_subnet.hvsoc_siempf_subnet-container-instances_Subnet",
            "azurerm_subnet.hvsoc_siempf_subnet-indexer_Subnet",
            "azurerm_subnet.hvsoc_siempf_subnet-redmine_Subnet",
            "azurerm_virtual_network.hvsoc0101-siempfnfs-vnet"
          ]
        }
      ]
    },
    {
      "mode": "managed",
      "type": "azurerm_network_interface",
      "name": "hvsoc0101-siempfnfs-484",
      "provider": "provider[\"registry.terraform.io/hashicorp/azurerm\"]",
      "instances": [
        {
          "schema_version": 0,
          "attributes": {
            "applied_dns_servers": [],
            "dns_servers": [],
            "enable_accelerated_networking": false,
            "enable_ip_forwarding": false,
            "id": "/subscriptions/e3b6ef5f-4e73-4510-9f11-2e94e2e518c7/resourceGroups/duplicate_hvsoc_siempf/providers/Microsoft.Network/networkInterfaces/hvsoc0101-siempfnfs-484",
            "internal_dns_name_label": "",
            "internal_domain_name_suffix": "df3bocswudte5bpwxetyh02k5e.lx.internal.cloudapp.net",
            "ip_configuration": [
              {
                "gateway_load_balancer_frontend_ip_configuration_id": "",
                "name": "ipconfig1",
                "primary": true,
                "private_ip_address": "172.18.0.4",
                "private_ip_address_allocation": "Dynamic",
                "private_ip_address_version": "IPv4",
                "public_ip_address_id": "",
                "subnet_id": "/subscriptions/e3b6ef5f-4e73-4510-9f11-2e94e2e518c7/resourceGroups/duplicate_hvsoc_siempf/providers/Microsoft.Network/virtualNetworks/hvsoc0101-siempfnfs-vnet/subnets/subnet-indexer"
              }
            ],
            "location": "japaneast",
            "mac_address": "",
            "name": "hvsoc0101-siempfnfs-484",
            "private_ip_address": "172.18.0.4",
            "private_ip_addresses": [
              "172.18.0.4"
            ],
            "resource_group_name": "duplicate_hvsoc_siempf",
            "tags": null,
            "timeouts": {
              "create": null,
              "delete": null,
              "read": null,
              "update": null
            },
            "virtual_machine_id": ""
          },
          "sensitive_attributes": [],
          "private": "eyJlMmJmYjczMC1lY2FhLTExZTYtOGY4OC0zNDM2M2JjN2M0YzAiOnsiY3JlYXRlIjoxODAwMDAwMDAwMDAwLCJkZWxldGUiOjE4MDAwMDAwMDAwMDAsInJlYWQiOjMwMDAwMDAwMDAwMCwidXBkYXRlIjoxODAwMDAwMDAwMDAwfX0=",
          "dependencies": [
            "azurerm_resource_group.hvsoc_siempf",
            "azurerm_subnet.hvsoc_siempf_subnet-indexer_Subnet",
            "azurerm_virtual_network.hvsoc0101-siempfnfs-vnet"
          ]
        }
      ]
    },
    {
      "mode": "managed",
      "type": "azurerm_network_interface",
      "name": "hvsoc0101-siempfnfs-691",
      "provider": "provider[\"registry.terraform.io/hashicorp/azurerm\"]",
      "instances": [
        {
          "schema_version": 0,
          "attributes": {
            "applied_dns_servers": [],
            "dns_servers": [],
            "enable_accelerated_networking": false,
            "enable_ip_forwarding": false,
            "id": "/subscriptions/e3b6ef5f-4e73-4510-9f11-2e94e2e518c7/resourceGroups/duplicate_hvsoc_siempf/providers/Microsoft.Network/networkInterfaces/hvsoc0101-siempfnfs-691",
            "internal_dns_name_label": "",
            "internal_domain_name_suffix": "df3bocswudte5bpwxetyh02k5e.lx.internal.cloudapp.net",
            "ip_configuration": [
              {
                "gateway_load_balancer_frontend_ip_configuration_id": "",
                "name": "ipconfig1",
                "primary": true,
                "private_ip_address": "172.18.0.5",
                "private_ip_address_allocation": "Dynamic",
                "private_ip_address_version": "IPv4",
                "public_ip_address_id": "/subscriptions/e3b6ef5f-4e73-4510-9f11-2e94e2e518c7/resourceGroups/duplicate_hvsoc_siempf/providers/Microsoft.Network/publicIPAddresses/hvsoc0101-siempfnfs-vnet-public-ip3",
                "subnet_id": "/subscriptions/e3b6ef5f-4e73-4510-9f11-2e94e2e518c7/resourceGroups/duplicate_hvsoc_siempf/providers/Microsoft.Network/virtualNetworks/hvsoc0101-siempfnfs-vnet/subnets/subnet-indexer"
              }
            ],
            "location": "japaneast",
            "mac_address": "",
            "name": "hvsoc0101-siempfnfs-691",
            "private_ip_address": "172.18.0.5",
            "private_ip_addresses": [
              "172.18.0.5"
            ],
            "resource_group_name": "duplicate_hvsoc_siempf",
            "tags": null,
            "timeouts": {
              "create": null,
              "delete": null,
              "read": null,
              "update": null
            },
            "virtual_machine_id": ""
          },
          "sensitive_attributes": [],
          "private": "eyJlMmJmYjczMC1lY2FhLTExZTYtOGY4OC0zNDM2M2JjN2M0YzAiOnsiY3JlYXRlIjoxODAwMDAwMDAwMDAwLCJkZWxldGUiOjE4MDAwMDAwMDAwMDAsInJlYWQiOjMwMDAwMDAwMDAwMCwidXBkYXRlIjoxODAwMDAwMDAwMDAwfX0=",
          "dependencies": [
            "azurerm_public_ip.hvsoc0101-siempfnfs-vnet-public-ip3",
            "azurerm_resource_group.hvsoc_siempf",
            "azurerm_subnet.hvsoc_siempf_subnet-indexer_Subnet",
            "azurerm_virtual_network.hvsoc0101-siempfnfs-vnet"
          ]
        }
      ]
    },
    {
      "mode": "managed",
      "type": "azurerm_network_interface",
      "name": "hvsoc0101-siempfnfs-835",
      "provider": "provider[\"registry.terraform.io/hashicorp/azurerm\"]",
      "instances": [
        {
          "schema_version": 0,
          "attributes": {
            "applied_dns_servers": [],
            "dns_servers": [],
            "enable_accelerated_networking": false,
            "enable_ip_forwarding": false,
            "id": "/subscriptions/e3b6ef5f-4e73-4510-9f11-2e94e2e518c7/resourceGroups/duplicate_hvsoc_siempf/providers/Microsoft.Network/networkInterfaces/hvsoc0101-siempfnfs-835",
            "internal_dns_name_label": "",
            "internal_domain_name_suffix": "df3bocswudte5bpwxetyh02k5e.lx.internal.cloudapp.net",
            "ip_configuration": [
              {
                "gateway_load_balancer_frontend_ip_configuration_id": "",
                "name": "ipconfig1",
                "primary": true,
                "private_ip_address": "172.19.0.4",
                "private_ip_address_allocation": "Dynamic",
                "private_ip_address_version": "IPv4",
                "public_ip_address_id": "",
                "subnet_id": "/subscriptions/e3b6ef5f-4e73-4510-9f11-2e94e2e518c7/resourceGroups/duplicate_hvsoc_siempf/providers/Microsoft.Network/virtualNetworks/hvsoc0101-siempfnfs-vnet/subnets/subnet-redmine"
              }
            ],
            "location": "japaneast",
            "mac_address": "",
            "name": "hvsoc0101-siempfnfs-835",
            "private_ip_address": "172.19.0.4",
            "private_ip_addresses": [
              "172.19.0.4"
            ],
            "resource_group_name": "duplicate_hvsoc_siempf",
            "tags": null,
            "timeouts": {
              "create": null,
              "delete": null,
              "read": null,
              "update": null
            },
            "virtual_machine_id": ""
          },
          "sensitive_attributes": [],
          "private": "eyJlMmJmYjczMC1lY2FhLTExZTYtOGY4OC0zNDM2M2JjN2M0YzAiOnsiY3JlYXRlIjoxODAwMDAwMDAwMDAwLCJkZWxldGUiOjE4MDAwMDAwMDAwMDAsInJlYWQiOjMwMDAwMDAwMDAwMCwidXBkYXRlIjoxODAwMDAwMDAwMDAwfX0=",
          "dependencies": [
            "azurerm_resource_group.hvsoc_siempf",
            "azurerm_subnet.hvsoc_siempf_subnet-redmine_Subnet",
            "azurerm_virtual_network.hvsoc0101-siempfnfs-vnet"
          ]
        }
      ]
    },
    {
      "mode": "managed",
      "type": "azurerm_network_security_group",
      "name": "hvsoc0101-siempfnfs-vnet-bastion-nsg",
      "provider": "provider[\"registry.terraform.io/hashicorp/azurerm\"]",
      "instances": [
        {
          "schema_version": 0,
          "attributes": {
            "id": "/subscriptions/e3b6ef5f-4e73-4510-9f11-2e94e2e518c7/resourceGroups/duplicate_hvsoc_siempf/providers/Microsoft.Network/networkSecurityGroups/hvsoc0101-siempfnfs-vnet-bastion-nsg",
            "location": "japaneast",
            "name": "hvsoc0101-siempfnfs-vnet-bastion-nsg",
            "resource_group_name": "duplicate_hvsoc_siempf",
            "security_rule": [
              {
                "access": "Allow",
                "description": "",
                "destination_address_prefix": "*",
                "destination_address_prefixes": [],
                "destination_application_security_group_ids": [],
                "destination_port_range": "443",
                "destination_port_ranges": [],
                "direction": "Inbound",
                "name": "Allow_AzureLoadBalancer_InBound",
                "priority": 1020,
                "protocol": "TCP",
                "source_address_prefix": "AzureLoadBalancer",
                "source_address_prefixes": [],
                "source_application_security_group_ids": [],
                "source_port_range": "*",
                "source_port_ranges": []
              },
              {
                "access": "Allow",
                "description": "",
                "destination_address_prefix": "*",
                "destination_address_prefixes": [],
                "destination_application_security_group_ids": [],
                "destination_port_range": "443",
                "destination_port_ranges": [],
                "direction": "Inbound",
                "name": "Allow_GatewayManager_InBound",
                "priority": 1010,
                "protocol": "TCP",
                "source_address_prefix": "GatewayManager",
                "source_address_prefixes": [],
                "source_application_security_group_ids": [],
                "source_port_range": "*",
                "source_port_ranges": []
              },
              {
                "access": "Allow",
                "description": "",
                "destination_address_prefix": "*",
                "destination_address_prefixes": [],
                "destination_application_security_group_ids": [],
                "destination_port_range": "443",
                "destination_port_ranges": [],
                "direction": "Inbound",
                "name": "Allow_HTTPS_InBound",
                "priority": 1000,
                "protocol": "TCP",
                "source_address_prefix": "Internet",
                "source_address_prefixes": [],
                "source_application_security_group_ids": [],
                "source_port_range": "*",
                "source_port_ranges": []
              },
              {
                "access": "Allow",
                "description": "",
                "destination_address_prefix": "AzureCloud",
                "destination_address_prefixes": [],
                "destination_application_security_group_ids": [],
                "destination_port_range": "443",
                "destination_port_ranges": [],
                "direction": "Outbound",
                "name": "Allow_AzureCloud_OutBound",
                "priority": 1010,
                "protocol": "TCP",
                "source_address_prefix": "*",
                "source_address_prefixes": [],
                "source_application_security_group_ids": [],
                "source_port_range": "*",
                "source_port_ranges": []
              },
              {
                "access": "Allow",
                "description": "",
                "destination_address_prefix": "Internet",
                "destination_address_prefixes": [],
                "destination_application_security_group_ids": [],
                "destination_port_range": "80",
                "destination_port_ranges": [],
                "direction": "Outbound",
                "name": "Allow_GetSessionInfomation",
                "priority": 1030,
                "protocol": "*",
                "source_address_prefix": "*",
                "source_address_prefixes": [],
                "source_application_security_group_ids": [],
                "source_port_range": "*",
                "source_port_ranges": []
              },
              {
                "access": "Allow",
                "description": "",
                "destination_address_prefix": "VirtualNetwork",
                "destination_address_prefixes": [],
                "destination_application_security_group_ids": [],
                "destination_port_range": "",
                "destination_port_ranges": [
                  "22",
                  "3389"
                ],
                "direction": "Outbound",
                "name": "Allow_SSH_RDP_OutBound",
                "priority": 1000,
                "protocol": "*",
                "source_address_prefix": "*",
                "source_address_prefixes": [],
                "source_application_security_group_ids": [],
                "source_port_range": "*",
                "source_port_ranges": []
              },
              {
                "access": "Allow",
                "description": "",
                "destination_address_prefix": "VirtualNetwork",
                "destination_address_prefixes": [],
                "destination_application_security_group_ids": [],
                "destination_port_range": "",
                "destination_port_ranges": [
                  "5701",
                  "8080"
                ],
                "direction": "Inbound",
                "name": "Allow_AzureBastionHostCommunication",
                "priority": 1030,
                "protocol": "*",
                "source_address_prefix": "VirtualNetwork",
                "source_address_prefixes": [],
                "source_application_security_group_ids": [],
                "source_port_range": "*",
                "source_port_ranges": []
              },
              {
                "access": "Allow",
                "description": "",
                "destination_address_prefix": "VirtualNetwork",
                "destination_address_prefixes": [],
                "destination_application_security_group_ids": [],
                "destination_port_range": "",
                "destination_port_ranges": [
                  "5701",
                  "8080"
                ],
                "direction": "Outbound",
                "name": "Allow_AzureBastionommunication",
                "priority": 1020,
                "protocol": "*",
                "source_address_prefix": "VirtualNetwork",
                "source_address_prefixes": [],
                "source_application_security_group_ids": [],
                "source_port_range": "*",
                "source_port_ranges": []
              },
              {
                "access": "Deny",
                "description": "",
                "destination_address_prefix": "*",
                "destination_address_prefixes": [],
                "destination_application_security_group_ids": [],
                "destination_port_range": "*",
                "destination_port_ranges": [],
                "direction": "Inbound",
                "name": "Deny_All_InBound",
                "priority": 4096,
                "protocol": "*",
                "source_address_prefix": "*",
                "source_address_prefixes": [],
                "source_application_security_group_ids": [],
                "source_port_range": "*",
                "source_port_ranges": []
              },
              {
                "access": "Deny",
                "description": "",
                "destination_address_prefix": "*",
                "destination_address_prefixes": [],
                "destination_application_security_group_ids": [],
                "destination_port_range": "*",
                "destination_port_ranges": [],
                "direction": "Outbound",
                "name": "Deny_All_OutBound",
                "priority": 4096,
                "protocol": "*",
                "source_address_prefix": "*",
                "source_address_prefixes": [],
                "source_application_security_group_ids": [],
                "source_port_range": "*",
                "source_port_ranges": []
              }
            ],
            "tags": null,
            "timeouts": {
              "create": null,
              "delete": null,
              "read": null,
              "update": null
            }
          },
          "sensitive_attributes": [],
          "private": "eyJlMmJmYjczMC1lY2FhLTExZTYtOGY4OC0zNDM2M2JjN2M0YzAiOnsiY3JlYXRlIjoxODAwMDAwMDAwMDAwLCJkZWxldGUiOjE4MDAwMDAwMDAwMDAsInJlYWQiOjMwMDAwMDAwMDAwMCwidXBkYXRlIjoxODAwMDAwMDAwMDAwfX0=",
          "dependencies": [
            "azurerm_resource_group.hvsoc_siempf"
          ]
        }
      ]
    },
    {
      "mode": "managed",
      "type": "azurerm_network_security_group",
      "name": "hvsoc0101-siempfnfs-vnet-nsg-indexer",
      "provider": "provider[\"registry.terraform.io/hashicorp/azurerm\"]",
      "instances": [
        {
          "schema_version": 0,
          "attributes": {
            "id": "/subscriptions/e3b6ef5f-4e73-4510-9f11-2e94e2e518c7/resourceGroups/duplicate_hvsoc_siempf/providers/Microsoft.Network/networkSecurityGroups/hvsoc0101-siempfnfs-vnet-nsg-indexer",
            "location": "japaneast",
            "name": "hvsoc0101-siempfnfs-vnet-nsg-indexer",
            "resource_group_name": "duplicate_hvsoc_siempf",
            "security_rule": [
              {
                "access": "Allow",
                "description": "",
                "destination_address_prefix": "*",
                "destination_address_prefixes": [],
                "destination_application_security_group_ids": [],
                "destination_port_range": "9997",
                "destination_port_ranges": [],
                "direction": "Inbound",
                "name": "Port_SplunkReceive",
                "priority": 100,
                "protocol": "TCP",
                "source_address_prefix": "20.191.190.193",
                "source_address_prefixes": [],
                "source_application_security_group_ids": [],
                "source_port_range": "*",
                "source_port_ranges": []
              }
            ],
            "tags": null,
            "timeouts": {
              "create": null,
              "delete": null,
              "read": null,
              "update": null
            }
          },
          "sensitive_attributes": [],
          "private": "eyJlMmJmYjczMC1lY2FhLTExZTYtOGY4OC0zNDM2M2JjN2M0YzAiOnsiY3JlYXRlIjoxODAwMDAwMDAwMDAwLCJkZWxldGUiOjE4MDAwMDAwMDAwMDAsInJlYWQiOjMwMDAwMDAwMDAwMCwidXBkYXRlIjoxODAwMDAwMDAwMDAwfX0=",
          "dependencies": [
            "azurerm_resource_group.hvsoc_siempf"
          ]
        }
      ]
    },
    {
      "mode": "managed",
      "type": "azurerm_network_security_group",
      "name": "hvsoc0101-siempfnfs-vnet-nsg-redmine",
      "provider": "provider[\"registry.terraform.io/hashicorp/azurerm\"]",
      "instances": [
        {
          "schema_version": 0,
          "attributes": {
            "id": "/subscriptions/e3b6ef5f-4e73-4510-9f11-2e94e2e518c7/resourceGroups/duplicate_hvsoc_siempf/providers/Microsoft.Network/networkSecurityGroups/hvsoc0101-siempfnfs-vnet-nsg-redmine",
            "location": "japaneast",
            "name": "hvsoc0101-siempfnfs-vnet-nsg-redmine",
            "resource_group_name": "duplicate_hvsoc_siempf",
            "security_rule": [],
            "tags": null,
            "timeouts": {
              "create": null,
              "delete": null,
              "read": null,
              "update": null
            }
          },
          "sensitive_attributes": [],
          "private": "eyJlMmJmYjczMC1lY2FhLTExZTYtOGY4OC0zNDM2M2JjN2M0YzAiOnsiY3JlYXRlIjoxODAwMDAwMDAwMDAwLCJkZWxldGUiOjE4MDAwMDAwMDAwMDAsInJlYWQiOjMwMDAwMDAwMDAwMCwidXBkYXRlIjoxODAwMDAwMDAwMDAwfX0=",
          "dependencies": [
            "azurerm_resource_group.hvsoc_siempf"
          ]
        }
      ]
    },
    {
      "mode": "managed",
      "type": "azurerm_public_ip",
      "name": "hvsoc0101-siempfnfs-vnet-public-ip",
      "provider": "provider[\"registry.terraform.io/hashicorp/azurerm\"]",
      "instances": [
        {
          "schema_version": 0,
          "attributes": {
            "allocation_method": "Static",
            "availability_zone": "Zone-Redundant",
            "domain_name_label": null,
            "fqdn": null,
            "id": "/subscriptions/e3b6ef5f-4e73-4510-9f11-2e94e2e518c7/resourceGroups/duplicate_hvsoc_siempf/providers/Microsoft.Network/publicIPAddresses/hvsoc0101-siempfnfs-vnet-public-ip",
            "idle_timeout_in_minutes": 4,
            "ip_address": "20.210.1.217",
            "ip_tags": null,
            "ip_version": "IPv4",
            "location": "japaneast",
            "name": "hvsoc0101-siempfnfs-vnet-public-ip",
            "public_ip_prefix_id": null,
            "resource_group_name": "duplicate_hvsoc_siempf",
            "reverse_fqdn": null,
            "sku": "Standard",
            "sku_tier": "Regional",
            "tags": null,
            "timeouts": {
              "create": null,
              "delete": null,
              "read": null,
              "update": null
            },
            "zones": []
          },
          "sensitive_attributes": [],
          "private": "eyJlMmJmYjczMC1lY2FhLTExZTYtOGY4OC0zNDM2M2JjN2M0YzAiOnsiY3JlYXRlIjoxODAwMDAwMDAwMDAwLCJkZWxldGUiOjE4MDAwMDAwMDAwMDAsInJlYWQiOjMwMDAwMDAwMDAwMCwidXBkYXRlIjoxODAwMDAwMDAwMDAwfX0=",
          "dependencies": [
            "azurerm_resource_group.hvsoc_siempf"
          ]
        }
      ]
    },
    {
      "mode": "managed",
      "type": "azurerm_public_ip",
      "name": "hvsoc0101-siempfnfs-vnet-public-ip-FW",
      "provider": "provider[\"registry.terraform.io/hashicorp/azurerm\"]",
      "instances": [
        {
          "schema_version": 0,
          "attributes": {
            "allocation_method": "Static",
            "availability_zone": "No-Zone",
            "domain_name_label": null,
            "fqdn": null,
            "id": "/subscriptions/e3b6ef5f-4e73-4510-9f11-2e94e2e518c7/resourceGroups/duplicate_hvsoc_siempf/providers/Microsoft.Network/publicIPAddresses/hvsoc0101-siempfnfs-vnet-public-ip-FW",
            "idle_timeout_in_minutes": 4,
            "ip_address": "20.210.223.252",
            "ip_tags": null,
            "ip_version": "IPv4",
            "location": "japaneast",
            "name": "hvsoc0101-siempfnfs-vnet-public-ip-FW",
            "public_ip_prefix_id": null,
            "resource_group_name": "duplicate_hvsoc_siempf",
            "reverse_fqdn": null,
            "sku": "Standard",
            "sku_tier": "Regional",
            "tags": null,
            "timeouts": {
              "create": null,
              "delete": null,
              "read": null,
              "update": null
            },
            "zones": []
          },
          "sensitive_attributes": [],
          "private": "eyJlMmJmYjczMC1lY2FhLTExZTYtOGY4OC0zNDM2M2JjN2M0YzAiOnsiY3JlYXRlIjoxODAwMDAwMDAwMDAwLCJkZWxldGUiOjE4MDAwMDAwMDAwMDAsInJlYWQiOjMwMDAwMDAwMDAwMCwidXBkYXRlIjoxODAwMDAwMDAwMDAwfX0=",
          "dependencies": [
            "azurerm_resource_group.hvsoc_siempf"
          ]
        }
      ]
    },
    {
      "mode": "managed",
      "type": "azurerm_public_ip",
      "name": "hvsoc0101-siempfnfs-vnet-public-ip3",
      "provider": "provider[\"registry.terraform.io/hashicorp/azurerm\"]",
      "instances": [
        {
          "schema_version": 0,
          "attributes": {
            "allocation_method": "Static",
            "availability_zone": "Zone-Redundant",
            "domain_name_label": null,
            "fqdn": null,
            "id": "/subscriptions/e3b6ef5f-4e73-4510-9f11-2e94e2e518c7/resourceGroups/duplicate_hvsoc_siempf/providers/Microsoft.Network/publicIPAddresses/hvsoc0101-siempfnfs-vnet-public-ip3",
            "idle_timeout_in_minutes": 4,
            "ip_address": "20.210.1.118",
            "ip_tags": null,
            "ip_version": "IPv4",
            "location": "japaneast",
            "name": "hvsoc0101-siempfnfs-vnet-public-ip3",
            "public_ip_prefix_id": null,
            "resource_group_name": "duplicate_hvsoc_siempf",
            "reverse_fqdn": null,
            "sku": "Standard",
            "sku_tier": "Regional",
            "tags": null,
            "timeouts": {
              "create": null,
              "delete": null,
              "read": null,
              "update": null
            },
            "zones": []
          },
          "sensitive_attributes": [],
          "private": "eyJlMmJmYjczMC1lY2FhLTExZTYtOGY4OC0zNDM2M2JjN2M0YzAiOnsiY3JlYXRlIjoxODAwMDAwMDAwMDAwLCJkZWxldGUiOjE4MDAwMDAwMDAwMDAsInJlYWQiOjMwMDAwMDAwMDAwMCwidXBkYXRlIjoxODAwMDAwMDAwMDAwfX0=",
          "dependencies": [
            "azurerm_resource_group.hvsoc_siempf"
          ]
        }
      ]
    },
    {
      "mode": "managed",
      "type": "azurerm_resource_group",
      "name": "hvsoc_siempf",
      "provider": "provider[\"registry.terraform.io/hashicorp/azurerm\"]",
      "instances": [
        {
          "schema_version": 0,
          "attributes": {
            "id": "/subscriptions/e3b6ef5f-4e73-4510-9f11-2e94e2e518c7/resourceGroups/duplicate_hvsoc_siempf",
            "location": "japaneast",
            "name": "duplicate_hvsoc_siempf",
            "tags": null,
            "timeouts": {
              "create": null,
              "delete": null,
              "read": null,
              "update": null
            }
          },
          "sensitive_attributes": [],
          "private": "eyJlMmJmYjczMC1lY2FhLTExZTYtOGY4OC0zNDM2M2JjN2M0YzAiOnsiY3JlYXRlIjo1NDAwMDAwMDAwMDAwLCJkZWxldGUiOjU0MDAwMDAwMDAwMDAsInJlYWQiOjMwMDAwMDAwMDAwMCwidXBkYXRlIjo1NDAwMDAwMDAwMDAwfX0="
        }
      ]
    },
    {
      "mode": "managed",
      "type": "azurerm_storage_account",
      "name": "hvsoc0101siempfstorage",
      "provider": "provider[\"registry.terraform.io/hashicorp/azurerm\"]",
      "instances": [
        {
          "schema_version": 2,
          "attributes": {
            "access_tier": "Hot",
            "account_kind": "StorageV2",
            "account_replication_type": "LRS",
            "account_tier": "Standard",
            "allow_blob_public_access": true,
            "azure_files_authentication": [],
            "blob_properties": [
              {
                "change_feed_enabled": false,
                "container_delete_retention_policy": [
                  {
                    "days": 7
                  }
                ],
                "cors_rule": [],
                "default_service_version": "",
                "delete_retention_policy": [
                  {
                    "days": 7
                  }
                ],
                "last_access_time_enabled": false,
                "versioning_enabled": false
              }
            ],
            "custom_domain": [],
            "enable_https_traffic_only": true,
            "id": "/subscriptions/e3b6ef5f-4e73-4510-9f11-2e94e2e518c7/resourceGroups/duplicate_hvsoc_siempf/providers/Microsoft.Storage/storageAccounts/dupliatesiempfstorage",
            "identity": [],
            "is_hns_enabled": false,
            "large_file_share_enabled": null,
            "location": "japaneast",
            "min_tls_version": "TLS1_2",
            "name": "dupliatesiempfstorage",
            "network_rules": [
              {
                "bypass": [
                  "AzureServices"
                ],
                "default_action": "Deny",
                "ip_rules": [
                  "13.76.218.0/24",
                  "202.246.251.240/28",
                  "202.246.252.128/25",
                  "202.246.252.96/27",
                  "40.65.186.0/24"
                ],
                "private_link_access": [],
                "virtual_network_subnet_ids": [
                  "/subscriptions/e3b6ef5f-4e73-4510-9f11-2e94e2e518c7/resourceGroups/duplicate_hvsoc_siempf/providers/Microsoft.Network/virtualNetworks/hvsoc0101-siempfnfs-vnet/subnets/subnet-container-instances"
                ]
              }
            ],
            "nfsv3_enabled": false,
            "primary_access_key": "KKpGQoU3I/WHnMDLbXryVesCJOS8QZY/xs5Z3iNm1OsYtFkcSXQCjXPRvyPN7IFT2Zn+Ed83FYHNiIo3hURhaQ==",
            "primary_blob_connection_string": "DefaultEndpointsProtocol=https;BlobEndpoint=https://dupliatesiempfstorage.blob.core.windows.net/;AccountName=dupliatesiempfstorage;AccountKey=KKpGQoU3I/WHnMDLbXryVesCJOS8QZY/xs5Z3iNm1OsYtFkcSXQCjXPRvyPN7IFT2Zn+Ed83FYHNiIo3hURhaQ==",
            "primary_blob_endpoint": "https://dupliatesiempfstorage.blob.core.windows.net/",
            "primary_blob_host": "dupliatesiempfstorage.blob.core.windows.net",
            "primary_connection_string": "DefaultEndpointsProtocol=https;AccountName=dupliatesiempfstorage;AccountKey=KKpGQoU3I/WHnMDLbXryVesCJOS8QZY/xs5Z3iNm1OsYtFkcSXQCjXPRvyPN7IFT2Zn+Ed83FYHNiIo3hURhaQ==;EndpointSuffix=core.windows.net",
            "primary_dfs_endpoint": "https://dupliatesiempfstorage.dfs.core.windows.net/",
            "primary_dfs_host": "dupliatesiempfstorage.dfs.core.windows.net",
            "primary_file_endpoint": "https://dupliatesiempfstorage.file.core.windows.net/",
            "primary_file_host": "dupliatesiempfstorage.file.core.windows.net",
            "primary_location": "japaneast",
            "primary_queue_endpoint": "https://dupliatesiempfstorage.queue.core.windows.net/",
            "primary_queue_host": "dupliatesiempfstorage.queue.core.windows.net",
            "primary_table_endpoint": "https://dupliatesiempfstorage.table.core.windows.net/",
            "primary_table_host": "dupliatesiempfstorage.table.core.windows.net",
            "primary_web_endpoint": "https://dupliatesiempfstorage.z11.web.core.windows.net/",
            "primary_web_host": "dupliatesiempfstorage.z11.web.core.windows.net",
            "queue_encryption_key_type": "Service",
            "queue_properties": [
              {
                "cors_rule": [],
                "hour_metrics": [
                  {
                    "enabled": true,
                    "include_apis": true,
                    "retention_policy_days": 7,
                    "version": "1.0"
                  }
                ],
                "logging": [
                  {
                    "delete": false,
                    "read": false,
                    "retention_policy_days": 0,
                    "version": "1.0",
                    "write": false
                  }
                ],
                "minute_metrics": [
                  {
                    "enabled": false,
                    "include_apis": false,
                    "retention_policy_days": 0,
                    "version": "1.0"
                  }
                ]
              }
            ],
            "resource_group_name": "duplicate_hvsoc_siempf",
            "routing": [],
            "secondary_access_key": "I9mC0qb4aK9rBdLRnl1UrF7gMTDWtLrfOG7cQTOZFdtno5FjiymTv1Ehhcj7RJ/+R6snxWwMEv9cFUdNPtZCMQ==",
            "secondary_blob_connection_string": "",
            "secondary_blob_endpoint": null,
            "secondary_blob_host": null,
            "secondary_connection_string": "DefaultEndpointsProtocol=https;AccountName=dupliatesiempfstorage;AccountKey=I9mC0qb4aK9rBdLRnl1UrF7gMTDWtLrfOG7cQTOZFdtno5FjiymTv1Ehhcj7RJ/+R6snxWwMEv9cFUdNPtZCMQ==;EndpointSuffix=core.windows.net",
            "secondary_dfs_endpoint": null,
            "secondary_dfs_host": null,
            "secondary_file_endpoint": null,
            "secondary_file_host": null,
            "secondary_location": "",
            "secondary_queue_endpoint": null,
            "secondary_queue_host": null,
            "secondary_table_endpoint": null,
            "secondary_table_host": null,
            "secondary_web_endpoint": null,
            "secondary_web_host": null,
            "share_properties": [
              {
                "cors_rule": [],
                "retention_policy": [
                  {
                    "days": 7
                  }
                ],
                "smb": []
              }
            ],
            "shared_access_key_enabled": true,
            "static_website": [],
            "table_encryption_key_type": "Service",
            "tags": null,
            "timeouts": {
              "create": null,
              "delete": null,
              "read": null,
              "update": null
            }
          },
          "sensitive_attributes": [],
          "private": "eyJlMmJmYjczMC1lY2FhLTExZTYtOGY4OC0zNDM2M2JjN2M0YzAiOnsiY3JlYXRlIjozNjAwMDAwMDAwMDAwLCJkZWxldGUiOjM2MDAwMDAwMDAwMDAsInJlYWQiOjMwMDAwMDAwMDAwMCwidXBkYXRlIjozNjAwMDAwMDAwMDAwfSwic2NoZW1hX3ZlcnNpb24iOiIyIn0=",
          "dependencies": [
            "azurerm_resource_group.hvsoc_siempf",
            "azurerm_subnet.hvsoc_siempf_subnet-container-instances_Subnet",
            "azurerm_virtual_network.hvsoc0101-siempfnfs-vnet"
          ]
        }
      ]
    },
    {
      "mode": "managed",
      "type": "azurerm_storage_account",
      "name": "hvsocsplshareaccount",
      "provider": "provider[\"registry.terraform.io/hashicorp/azurerm\"]",
      "instances": [
        {
          "schema_version": 2,
          "attributes": {
            "access_tier": "Hot",
            "account_kind": "StorageV2",
            "account_replication_type": "LRS",
            "account_tier": "Standard",
            "allow_blob_public_access": true,
            "azure_files_authentication": [],
            "blob_properties": [
              {
                "change_feed_enabled": false,
                "container_delete_retention_policy": [
                  {
                    "days": 7
                  }
                ],
                "cors_rule": [],
                "default_service_version": "",
                "delete_retention_policy": [
                  {
                    "days": 7
                  }
                ],
                "last_access_time_enabled": false,
                "versioning_enabled": false
              }
            ],
            "custom_domain": [],
            "enable_https_traffic_only": true,
            "id": "/subscriptions/e3b6ef5f-4e73-4510-9f11-2e94e2e518c7/resourceGroups/duplicate_hvsoc_siempf/providers/Microsoft.Storage/storageAccounts/duplicatesplshareaccount",
            "identity": [],
            "is_hns_enabled": false,
            "large_file_share_enabled": null,
            "location": "japaneast",
            "min_tls_version": "TLS1_2",
            "name": "duplicatesplshareaccount",
            "network_rules": [
              {
                "bypass": [
                  "AzureServices"
                ],
                "default_action": "Deny",
                "ip_rules": [],
                "private_link_access": [],
                "virtual_network_subnet_ids": [
                  "/subscriptions/e3b6ef5f-4e73-4510-9f11-2e94e2e518c7/resourceGroups/duplicate_hvsoc_siempf/providers/Microsoft.Network/virtualNetworks/hvsoc0101-siempfnfs-vnet/subnets/subnet-container-instances"
                ]
              }
            ],
            "nfsv3_enabled": false,
            "primary_access_key": "UWiZc5wVPzDjilP0jGn6QAHJ4Ixb/TKhQJ8R2XMc5ku3A96kqZiqrCWDgWJ+Pa7Z3VOAt93G9dKiOdb9KD9Row==",
            "primary_blob_connection_string": "DefaultEndpointsProtocol=https;BlobEndpoint=https://duplicatesplshareaccount.blob.core.windows.net/;AccountName=duplicatesplshareaccount;AccountKey=UWiZc5wVPzDjilP0jGn6QAHJ4Ixb/TKhQJ8R2XMc5ku3A96kqZiqrCWDgWJ+Pa7Z3VOAt93G9dKiOdb9KD9Row==",
            "primary_blob_endpoint": "https://duplicatesplshareaccount.blob.core.windows.net/",
            "primary_blob_host": "duplicatesplshareaccount.blob.core.windows.net",
            "primary_connection_string": "DefaultEndpointsProtocol=https;AccountName=duplicatesplshareaccount;AccountKey=UWiZc5wVPzDjilP0jGn6QAHJ4Ixb/TKhQJ8R2XMc5ku3A96kqZiqrCWDgWJ+Pa7Z3VOAt93G9dKiOdb9KD9Row==;EndpointSuffix=core.windows.net",
            "primary_dfs_endpoint": "https://duplicatesplshareaccount.dfs.core.windows.net/",
            "primary_dfs_host": "duplicatesplshareaccount.dfs.core.windows.net",
            "primary_file_endpoint": "https://duplicatesplshareaccount.file.core.windows.net/",
            "primary_file_host": "duplicatesplshareaccount.file.core.windows.net",
            "primary_location": "japaneast",
            "primary_queue_endpoint": "https://duplicatesplshareaccount.queue.core.windows.net/",
            "primary_queue_host": "duplicatesplshareaccount.queue.core.windows.net",
            "primary_table_endpoint": "https://duplicatesplshareaccount.table.core.windows.net/",
            "primary_table_host": "duplicatesplshareaccount.table.core.windows.net",
            "primary_web_endpoint": "https://duplicatesplshareaccount.z11.web.core.windows.net/",
            "primary_web_host": "duplicatesplshareaccount.z11.web.core.windows.net",
            "queue_encryption_key_type": "Service",
            "queue_properties": [
              {
                "cors_rule": [],
                "hour_metrics": [
                  {
                    "enabled": true,
                    "include_apis": true,
                    "retention_policy_days": 7,
                    "version": "1.0"
                  }
                ],
                "logging": [
                  {
                    "delete": false,
                    "read": false,
                    "retention_policy_days": 0,
                    "version": "1.0",
                    "write": false
                  }
                ],
                "minute_metrics": [
                  {
                    "enabled": false,
                    "include_apis": false,
                    "retention_policy_days": 0,
                    "version": "1.0"
                  }
                ]
              }
            ],
            "resource_group_name": "duplicate_hvsoc_siempf",
            "routing": [],
            "secondary_access_key": "7GBq6GzGzWFoTfXhjekE1vvfYKCTmgW6tCX47605HJqOjUgBd9VsHV1b0ht8wmzSQrhoEosbbFXdxRB0X8lRYA==",
            "secondary_blob_connection_string": "",
            "secondary_blob_endpoint": null,
            "secondary_blob_host": null,
            "secondary_connection_string": "DefaultEndpointsProtocol=https;AccountName=duplicatesplshareaccount;AccountKey=7GBq6GzGzWFoTfXhjekE1vvfYKCTmgW6tCX47605HJqOjUgBd9VsHV1b0ht8wmzSQrhoEosbbFXdxRB0X8lRYA==;EndpointSuffix=core.windows.net",
            "secondary_dfs_endpoint": null,
            "secondary_dfs_host": null,
            "secondary_file_endpoint": null,
            "secondary_file_host": null,
            "secondary_location": "",
            "secondary_queue_endpoint": null,
            "secondary_queue_host": null,
            "secondary_table_endpoint": null,
            "secondary_table_host": null,
            "secondary_web_endpoint": null,
            "secondary_web_host": null,
            "share_properties": [
              {
                "cors_rule": [],
                "retention_policy": [
                  {
                    "days": 7
                  }
                ],
                "smb": []
              }
            ],
            "shared_access_key_enabled": true,
            "static_website": [],
            "table_encryption_key_type": "Service",
            "tags": null,
            "timeouts": {
              "create": null,
              "delete": null,
              "read": null,
              "update": null
            }
          },
          "sensitive_attributes": [],
          "private": "eyJlMmJmYjczMC1lY2FhLTExZTYtOGY4OC0zNDM2M2JjN2M0YzAiOnsiY3JlYXRlIjozNjAwMDAwMDAwMDAwLCJkZWxldGUiOjM2MDAwMDAwMDAwMDAsInJlYWQiOjMwMDAwMDAwMDAwMCwidXBkYXRlIjozNjAwMDAwMDAwMDAwfSwic2NoZW1hX3ZlcnNpb24iOiIyIn0=",
          "dependencies": [
            "azurerm_resource_group.hvsoc_siempf",
            "azurerm_subnet.hvsoc_siempf_subnet-container-instances_Subnet",
            "azurerm_virtual_network.hvsoc0101-siempfnfs-vnet"
          ]
        }
      ]
    },
    {
      "mode": "managed",
      "type": "azurerm_subnet",
      "name": "hvsoc_siempf_AzureBastion_Subnet",
      "provider": "provider[\"registry.terraform.io/hashicorp/azurerm\"]",
      "instances": [
        {
          "schema_version": 0,
          "attributes": {
            "address_prefix": "172.17.0.0/27",
            "address_prefixes": [
              "172.17.0.0/27"
            ],
            "delegation": [],
            "enforce_private_link_endpoint_network_policies": false,
            "enforce_private_link_service_network_policies": false,
            "id": "/subscriptions/e3b6ef5f-4e73-4510-9f11-2e94e2e518c7/resourceGroups/duplicate_hvsoc_siempf/providers/Microsoft.Network/virtualNetworks/hvsoc0101-siempfnfs-vnet/subnets/AzureBastionSubnet",
            "name": "AzureBastionSubnet",
            "resource_group_name": "duplicate_hvsoc_siempf",
            "service_endpoint_policy_ids": null,
            "service_endpoints": null,
            "timeouts": null,
            "virtual_network_name": "hvsoc0101-siempfnfs-vnet"
          },
          "sensitive_attributes": [],
          "private": "eyJlMmJmYjczMC1lY2FhLTExZTYtOGY4OC0zNDM2M2JjN2M0YzAiOnsiY3JlYXRlIjoxODAwMDAwMDAwMDAwLCJkZWxldGUiOjE4MDAwMDAwMDAwMDAsInJlYWQiOjMwMDAwMDAwMDAwMCwidXBkYXRlIjoxODAwMDAwMDAwMDAwfX0=",
          "dependencies": [
            "azurerm_resource_group.hvsoc_siempf",
            "azurerm_virtual_network.hvsoc0101-siempfnfs-vnet"
          ]
        }
      ]
    },
    {
      "mode": "managed",
      "type": "azurerm_subnet",
      "name": "hvsoc_siempf_AzureFirewallSubnet_Subnet",
      "provider": "provider[\"registry.terraform.io/hashicorp/azurerm\"]",
      "instances": [
        {
          "schema_version": 0,
          "attributes": {
            "address_prefix": "172.21.0.0/24",
            "address_prefixes": [
              "172.21.0.0/24"
            ],
            "delegation": [],
            "enforce_private_link_endpoint_network_policies": false,
            "enforce_private_link_service_network_policies": false,
            "id": "/subscriptions/e3b6ef5f-4e73-4510-9f11-2e94e2e518c7/resourceGroups/duplicate_hvsoc_siempf/providers/Microsoft.Network/virtualNetworks/hvsoc0101-siempfnfs-vnet/subnets/AzureFirewallSubnet",
            "name": "AzureFirewallSubnet",
            "resource_group_name": "duplicate_hvsoc_siempf",
            "service_endpoint_policy_ids": null,
            "service_endpoints": null,
            "timeouts": null,
            "virtual_network_name": "hvsoc0101-siempfnfs-vnet"
          },
          "sensitive_attributes": [],
          "private": "eyJlMmJmYjczMC1lY2FhLTExZTYtOGY4OC0zNDM2M2JjN2M0YzAiOnsiY3JlYXRlIjoxODAwMDAwMDAwMDAwLCJkZWxldGUiOjE4MDAwMDAwMDAwMDAsInJlYWQiOjMwMDAwMDAwMDAwMCwidXBkYXRlIjoxODAwMDAwMDAwMDAwfX0=",
          "dependencies": [
            "azurerm_resource_group.hvsoc_siempf",
            "azurerm_virtual_network.hvsoc0101-siempfnfs-vnet"
          ]
        }
      ]
    },
    {
      "mode": "managed",
      "type": "azurerm_subnet",
      "name": "hvsoc_siempf_subnet-container-instances_Subnet",
      "provider": "provider[\"registry.terraform.io/hashicorp/azurerm\"]",
      "instances": [
        {
          "schema_version": 0,
          "attributes": {
            "address_prefix": "172.20.0.0/24",
            "address_prefixes": [
              "172.20.0.0/24"
            ],
            "delegation": [],
            "enforce_private_link_endpoint_network_policies": false,
            "enforce_private_link_service_network_policies": false,
            "id": "/subscriptions/e3b6ef5f-4e73-4510-9f11-2e94e2e518c7/resourceGroups/duplicate_hvsoc_siempf/providers/Microsoft.Network/virtualNetworks/hvsoc0101-siempfnfs-vnet/subnets/subnet-container-instances",
            "name": "subnet-container-instances",
            "resource_group_name": "duplicate_hvsoc_siempf",
            "service_endpoint_policy_ids": null,
            "service_endpoints": [
              "Microsoft.KeyVault",
              "Microsoft.Storage"
            ],
            "timeouts": null,
            "virtual_network_name": "hvsoc0101-siempfnfs-vnet"
          },
          "sensitive_attributes": [],
          "private": "eyJlMmJmYjczMC1lY2FhLTExZTYtOGY4OC0zNDM2M2JjN2M0YzAiOnsiY3JlYXRlIjoxODAwMDAwMDAwMDAwLCJkZWxldGUiOjE4MDAwMDAwMDAwMDAsInJlYWQiOjMwMDAwMDAwMDAwMCwidXBkYXRlIjoxODAwMDAwMDAwMDAwfX0=",
          "dependencies": [
            "azurerm_resource_group.hvsoc_siempf",
            "azurerm_virtual_network.hvsoc0101-siempfnfs-vnet"
          ]
        }
      ]
    },
    {
      "mode": "managed",
      "type": "azurerm_subnet",
      "name": "hvsoc_siempf_subnet-indexer_Subnet",
      "provider": "provider[\"registry.terraform.io/hashicorp/azurerm\"]",
      "instances": [
        {
          "schema_version": 0,
          "attributes": {
            "address_prefix": "172.18.0.0/24",
            "address_prefixes": [
              "172.18.0.0/24"
            ],
            "delegation": [],
            "enforce_private_link_endpoint_network_policies": false,
            "enforce_private_link_service_network_policies": false,
            "id": "/subscriptions/e3b6ef5f-4e73-4510-9f11-2e94e2e518c7/resourceGroups/duplicate_hvsoc_siempf/providers/Microsoft.Network/virtualNetworks/hvsoc0101-siempfnfs-vnet/subnets/subnet-indexer",
            "name": "subnet-indexer",
            "resource_group_name": "duplicate_hvsoc_siempf",
            "service_endpoint_policy_ids": null,
            "service_endpoints": [
              "Microsoft.KeyVault"
            ],
            "timeouts": null,
            "virtual_network_name": "hvsoc0101-siempfnfs-vnet"
          },
          "sensitive_attributes": [],
          "private": "eyJlMmJmYjczMC1lY2FhLTExZTYtOGY4OC0zNDM2M2JjN2M0YzAiOnsiY3JlYXRlIjoxODAwMDAwMDAwMDAwLCJkZWxldGUiOjE4MDAwMDAwMDAwMDAsInJlYWQiOjMwMDAwMDAwMDAwMCwidXBkYXRlIjoxODAwMDAwMDAwMDAwfX0=",
          "dependencies": [
            "azurerm_resource_group.hvsoc_siempf",
            "azurerm_virtual_network.hvsoc0101-siempfnfs-vnet"
          ]
        }
      ]
    },
    {
      "mode": "managed",
      "type": "azurerm_subnet",
      "name": "hvsoc_siempf_subnet-redmine_Subnet",
      "provider": "provider[\"registry.terraform.io/hashicorp/azurerm\"]",
      "instances": [
        {
          "schema_version": 0,
          "attributes": {
            "address_prefix": "172.19.0.0/24",
            "address_prefixes": [
              "172.19.0.0/24"
            ],
            "delegation": [],
            "enforce_private_link_endpoint_network_policies": false,
            "enforce_private_link_service_network_policies": false,
            "id": "/subscriptions/e3b6ef5f-4e73-4510-9f11-2e94e2e518c7/resourceGroups/duplicate_hvsoc_siempf/providers/Microsoft.Network/virtualNetworks/hvsoc0101-siempfnfs-vnet/subnets/subnet-redmine",
            "name": "subnet-redmine",
            "resource_group_name": "duplicate_hvsoc_siempf",
            "service_endpoint_policy_ids": null,
            "service_endpoints": [
              "Microsoft.KeyVault",
              "Microsoft.Storage"
            ],
            "timeouts": null,
            "virtual_network_name": "hvsoc0101-siempfnfs-vnet"
          },
          "sensitive_attributes": [],
          "private": "eyJlMmJmYjczMC1lY2FhLTExZTYtOGY4OC0zNDM2M2JjN2M0YzAiOnsiY3JlYXRlIjoxODAwMDAwMDAwMDAwLCJkZWxldGUiOjE4MDAwMDAwMDAwMDAsInJlYWQiOjMwMDAwMDAwMDAwMCwidXBkYXRlIjoxODAwMDAwMDAwMDAwfX0=",
          "dependencies": [
            "azurerm_resource_group.hvsoc_siempf",
            "azurerm_virtual_network.hvsoc0101-siempfnfs-vnet"
          ]
        }
      ]
    },
    {
      "mode": "managed",
      "type": "azurerm_subnet_network_security_group_association",
      "name": "hvsoc_siempf_AzureBastion_Subnet_network_security_group_association",
      "provider": "provider[\"registry.terraform.io/hashicorp/azurerm\"]",
      "instances": [
        {
          "schema_version": 0,
          "attributes": {
            "id": "/subscriptions/e3b6ef5f-4e73-4510-9f11-2e94e2e518c7/resourceGroups/duplicate_hvsoc_siempf/providers/Microsoft.Network/virtualNetworks/hvsoc0101-siempfnfs-vnet/subnets/AzureBastionSubnet",
            "network_security_group_id": "/subscriptions/e3b6ef5f-4e73-4510-9f11-2e94e2e518c7/resourceGroups/duplicate_hvsoc_siempf/providers/Microsoft.Network/networkSecurityGroups/hvsoc0101-siempfnfs-vnet-bastion-nsg",
            "subnet_id": "/subscriptions/e3b6ef5f-4e73-4510-9f11-2e94e2e518c7/resourceGroups/duplicate_hvsoc_siempf/providers/Microsoft.Network/virtualNetworks/hvsoc0101-siempfnfs-vnet/subnets/AzureBastionSubnet",
            "timeouts": null
          },
          "sensitive_attributes": [],
          "private": "eyJlMmJmYjczMC1lY2FhLTExZTYtOGY4OC0zNDM2M2JjN2M0YzAiOnsiY3JlYXRlIjoxODAwMDAwMDAwMDAwLCJkZWxldGUiOjE4MDAwMDAwMDAwMDAsInJlYWQiOjMwMDAwMDAwMDAwMCwidXBkYXRlIjoxODAwMDAwMDAwMDAwfX0=",
          "dependencies": [
            "azurerm_network_security_group.hvsoc0101-siempfnfs-vnet-bastion-nsg",
            "azurerm_resource_group.hvsoc_siempf",
            "azurerm_subnet.hvsoc_siempf_AzureBastion_Subnet",
            "azurerm_virtual_network.hvsoc0101-siempfnfs-vnet"
          ]
        }
      ]
    },
    {
      "mode": "managed",
      "type": "azurerm_subnet_network_security_group_association",
      "name": "hvsoc_siempf_subnet-container-instances_Subnet_network_security_group_association",
      "provider": "provider[\"registry.terraform.io/hashicorp/azurerm\"]",
      "instances": [
        {
          "schema_version": 0,
          "attributes": {
            "id": "/subscriptions/e3b6ef5f-4e73-4510-9f11-2e94e2e518c7/resourceGroups/duplicate_hvsoc_siempf/providers/Microsoft.Network/virtualNetworks/hvsoc0101-siempfnfs-vnet/subnets/subnet-container-instances",
            "network_security_group_id": "/subscriptions/e3b6ef5f-4e73-4510-9f11-2e94e2e518c7/resourceGroups/duplicate_hvsoc_siempf/providers/Microsoft.Network/networkSecurityGroups/hvsoc0101-siempfnfs-vnet-nsg-indexer",
            "subnet_id": "/subscriptions/e3b6ef5f-4e73-4510-9f11-2e94e2e518c7/resourceGroups/duplicate_hvsoc_siempf/providers/Microsoft.Network/virtualNetworks/hvsoc0101-siempfnfs-vnet/subnets/subnet-container-instances",
            "timeouts": null
          },
          "sensitive_attributes": [],
          "private": "eyJlMmJmYjczMC1lY2FhLTExZTYtOGY4OC0zNDM2M2JjN2M0YzAiOnsiY3JlYXRlIjoxODAwMDAwMDAwMDAwLCJkZWxldGUiOjE4MDAwMDAwMDAwMDAsInJlYWQiOjMwMDAwMDAwMDAwMCwidXBkYXRlIjoxODAwMDAwMDAwMDAwfX0=",
          "dependencies": [
            "azurerm_network_security_group.hvsoc0101-siempfnfs-vnet-nsg-indexer",
            "azurerm_resource_group.hvsoc_siempf",
            "azurerm_subnet.hvsoc_siempf_subnet-container-instances_Subnet",
            "azurerm_virtual_network.hvsoc0101-siempfnfs-vnet"
          ]
        }
      ]
    },
    {
      "mode": "managed",
      "type": "azurerm_virtual_machine",
      "name": "hvsoc0101-siempfnfs-vm-linux-redmine",
      "provider": "provider[\"registry.terraform.io/hashicorp/azurerm\"]",
      "instances": [
        {
          "schema_version": 0,
          "attributes": {
            "additional_capabilities": [],
            "availability_set_id": null,
            "boot_diagnostics": [
              {
                "enabled": true,
                "storage_uri": ""
              }
            ],
            "delete_data_disks_on_termination": false,
            "delete_os_disk_on_termination": false,
            "id": "/subscriptions/e3b6ef5f-4e73-4510-9f11-2e94e2e518c7/resourceGroups/duplicate_hvsoc_siempf/providers/Microsoft.Compute/virtualMachines/hvsoc0101-siempfnfs-vm-linux-redmine",
            "identity": [],
            "license_type": null,
            "location": "japaneast",
            "name": "hvsoc0101-siempfnfs-vm-linux-redmine",
            "network_interface_ids": [
              "/subscriptions/e3b6ef5f-4e73-4510-9f11-2e94e2e518c7/resourceGroups/duplicate_hvsoc_siempf/providers/Microsoft.Network/networkInterfaces/hvsoc0101-siempfnfs-835"
            ],
            "os_profile": [
              {
                "admin_password": "",
                "admin_username": "Hvsoc",
                "computer_name": "hvsoc0101-siempfnfs-vm-linux-redmine",
                "custom_data": ""
              }
            ],
            "os_profile_linux_config": [
              {
                "disable_password_authentication": false,
                "ssh_keys": []
              }
            ],
            "os_profile_secrets": [],
            "os_profile_windows_config": [],
            "plan": [],
            "primary_network_interface_id": null,
            "proximity_placement_group_id": null,
            "resource_group_name": "duplicate_hvsoc_siempf",
            "storage_data_disk": [],
            "storage_image_reference": [
              {
                "id": "",
                "offer": "RHEL",
                "publisher": "RedHat",
                "sku": "82gen2",
                "version": "latest"
              }
            ],
            "storage_os_disk": [
              {
                "caching": "ReadWrite",
                "create_option": "FromImage",
                "disk_size_gb": 64,
                "image_uri": "",
                "managed_disk_id": "/subscriptions/e3b6ef5f-4e73-4510-9f11-2e94e2e518c7/resourceGroups/duplicate_hvsoc_siempf/providers/Microsoft.Compute/disks/redmine_Os_disk",
                "managed_disk_type": "Premium_LRS",
                "name": "redmine_Os_disk",
                "os_type": "Linux",
                "vhd_uri": "",
                "write_accelerator_enabled": false
              }
            ],
            "tags": null,
            "timeouts": {
              "create": null,
              "delete": null,
              "read": null,
              "update": null
            },
            "vm_size": "Standard_B2s",
            "zones": []
          },
          "sensitive_attributes": [],
          "private": "eyJlMmJmYjczMC1lY2FhLTExZTYtOGY4OC0zNDM2M2JjN2M0YzAiOnsiY3JlYXRlIjozNjAwMDAwMDAwMDAwLCJkZWxldGUiOjM2MDAwMDAwMDAwMDAsInJlYWQiOjMwMDAwMDAwMDAwMCwidXBkYXRlIjozNjAwMDAwMDAwMDAwfX0=",
          "dependencies": [
            "azurerm_network_interface.hvsoc0101-siempfnfs-835",
            "azurerm_resource_group.hvsoc_siempf",
            "azurerm_subnet.hvsoc_siempf_subnet-redmine_Subnet",
            "azurerm_virtual_network.hvsoc0101-siempfnfs-vnet"
          ]
        }
      ]
    },
    {
      "mode": "managed",
      "type": "azurerm_virtual_machine",
      "name": "hvsoc0101-siempfnfs-vm-linux-sp-hvyfrd",
      "provider": "provider[\"registry.terraform.io/hashicorp/azurerm\"]",
      "instances": [
        {
          "schema_version": 0,
          "attributes": {
            "additional_capabilities": [],
            "availability_set_id": null,
            "boot_diagnostics": [
              {
                "enabled": true,
                "storage_uri": ""
              }
            ],
            "delete_data_disks_on_termination": false,
            "delete_os_disk_on_termination": false,
            "id": "/subscriptions/e3b6ef5f-4e73-4510-9f11-2e94e2e518c7/resourceGroups/duplicate_hvsoc_siempf/providers/Microsoft.Compute/virtualMachines/hvsoc0101-siempfnfs-vm-linux-sp-hvyfrd",
            "identity": [],
            "license_type": null,
            "location": "japaneast",
            "name": "hvsoc0101-siempfnfs-vm-linux-sp-hvyfrd",
            "network_interface_ids": [
              "/subscriptions/e3b6ef5f-4e73-4510-9f11-2e94e2e518c7/resourceGroups/duplicate_hvsoc_siempf/providers/Microsoft.Network/networkInterfaces/hvsoc0101-siempfnfs-691"
            ],
            "os_profile": [
              {
                "admin_password": "",
                "admin_username": "Hvsoc",
                "computer_name": "hvsoc0101-siempfnfs-vm-linux-sp-hvyfrd",
                "custom_data": ""
              }
            ],
            "os_profile_linux_config": [
              {
                "disable_password_authentication": false,
                "ssh_keys": []
              }
            ],
            "os_profile_secrets": [],
            "os_profile_windows_config": [],
            "plan": [],
            "primary_network_interface_id": null,
            "proximity_placement_group_id": null,
            "resource_group_name": "duplicate_hvsoc_siempf",
            "storage_data_disk": [],
            "storage_image_reference": [
              {
                "id": "",
                "offer": "RHEL",
                "publisher": "RedHat",
                "sku": "82gen2",
                "version": "latest"
              }
            ],
            "storage_os_disk": [
              {
                "caching": "ReadWrite",
                "create_option": "FromImage",
                "disk_size_gb": 128,
                "image_uri": "",
                "managed_disk_id": "/subscriptions/e3b6ef5f-4e73-4510-9f11-2e94e2e518c7/resourceGroups/duplicate_hvsoc_siempf/providers/Microsoft.Compute/disks/sp-hvyfrd_Os_disk",
                "managed_disk_type": "Premium_LRS",
                "name": "sp-hvyfrd_Os_disk",
                "os_type": "Linux",
                "vhd_uri": "",
                "write_accelerator_enabled": false
              }
            ],
            "tags": null,
            "timeouts": {
              "create": null,
              "delete": null,
              "read": null,
              "update": null
            },
            "vm_size": "Standard_D4ds_v4",
            "zones": []
          },
          "sensitive_attributes": [],
          "private": "eyJlMmJmYjczMC1lY2FhLTExZTYtOGY4OC0zNDM2M2JjN2M0YzAiOnsiY3JlYXRlIjozNjAwMDAwMDAwMDAwLCJkZWxldGUiOjM2MDAwMDAwMDAwMDAsInJlYWQiOjMwMDAwMDAwMDAwMCwidXBkYXRlIjozNjAwMDAwMDAwMDAwfX0=",
          "dependencies": [
            "azurerm_network_interface.hvsoc0101-siempfnfs-691",
            "azurerm_public_ip.hvsoc0101-siempfnfs-vnet-public-ip3",
            "azurerm_resource_group.hvsoc_siempf",
            "azurerm_subnet.hvsoc_siempf_subnet-indexer_Subnet",
            "azurerm_virtual_network.hvsoc0101-siempfnfs-vnet"
          ]
        }
      ]
    },
    {
      "mode": "managed",
      "type": "azurerm_virtual_machine",
      "name": "hvsoc0101-siempfnfs-vm-linux-sp-sa",
      "provider": "provider[\"registry.terraform.io/hashicorp/azurerm\"]",
      "instances": [
        {
          "schema_version": 0,
          "attributes": {
            "additional_capabilities": [],
            "availability_set_id": null,
            "boot_diagnostics": [
              {
                "enabled": true,
                "storage_uri": ""
              }
            ],
            "delete_data_disks_on_termination": false,
            "delete_os_disk_on_termination": false,
            "id": "/subscriptions/e3b6ef5f-4e73-4510-9f11-2e94e2e518c7/resourceGroups/duplicate_hvsoc_siempf/providers/Microsoft.Compute/virtualMachines/hvsoc0101-siempfnfs-vm-linux-sp-sa",
            "identity": [],
            "license_type": null,
            "location": "japaneast",
            "name": "hvsoc0101-siempfnfs-vm-linux-sp-sa",
            "network_interface_ids": [
              "/subscriptions/e3b6ef5f-4e73-4510-9f11-2e94e2e518c7/resourceGroups/duplicate_hvsoc_siempf/providers/Microsoft.Network/networkInterfaces/hvsoc0101-siempfnfs-484"
            ],
            "os_profile": [
              {
                "admin_password": "",
                "admin_username": "Hvsoc",
                "computer_name": "hvsoc0101-siempfnfs-vm-linux-sp-sa",
                "custom_data": ""
              }
            ],
            "os_profile_linux_config": [
              {
                "disable_password_authentication": false,
                "ssh_keys": []
              }
            ],
            "os_profile_secrets": [],
            "os_profile_windows_config": [],
            "plan": [],
            "primary_network_interface_id": null,
            "proximity_placement_group_id": null,
            "resource_group_name": "duplicate_hvsoc_siempf",
            "storage_data_disk": [],
            "storage_image_reference": [
              {
                "id": "",
                "offer": "RHEL",
                "publisher": "RedHat",
                "sku": "82gen2",
                "version": "latest"
              }
            ],
            "storage_os_disk": [
              {
                "caching": "ReadWrite",
                "create_option": "FromImage",
                "disk_size_gb": 128,
                "image_uri": "",
                "managed_disk_id": "/subscriptions/e3b6ef5f-4e73-4510-9f11-2e94e2e518c7/resourceGroups/duplicate_hvsoc_siempf/providers/Microsoft.Compute/disks/sp-sa_Os_disk",
                "managed_disk_type": "Premium_LRS",
                "name": "sp-sa_Os_disk",
                "os_type": "Linux",
                "vhd_uri": "",
                "write_accelerator_enabled": false
              }
            ],
            "tags": null,
            "timeouts": {
              "create": null,
              "delete": null,
              "read": null,
              "update": null
            },
            "vm_size": "Standard_D4ds_v4",
            "zones": []
          },
          "sensitive_attributes": [],
          "private": "eyJlMmJmYjczMC1lY2FhLTExZTYtOGY4OC0zNDM2M2JjN2M0YzAiOnsiY3JlYXRlIjozNjAwMDAwMDAwMDAwLCJkZWxldGUiOjM2MDAwMDAwMDAwMDAsInJlYWQiOjMwMDAwMDAwMDAwMCwidXBkYXRlIjozNjAwMDAwMDAwMDAwfX0=",
          "dependencies": [
            "azurerm_network_interface.hvsoc0101-siempfnfs-484",
            "azurerm_resource_group.hvsoc_siempf",
            "azurerm_subnet.hvsoc_siempf_subnet-indexer_Subnet",
            "azurerm_virtual_network.hvsoc0101-siempfnfs-vnet"
          ]
        }
      ]
    },
    {
      "mode": "managed",
      "type": "azurerm_virtual_network",
      "name": "hvsoc0101-siempfnfs-vnet",
      "provider": "provider[\"registry.terraform.io/hashicorp/azurerm\"]",
      "instances": [
        {
          "schema_version": 0,
          "attributes": {
            "address_space": [
              "172.17.0.0/24",
              "172.18.0.0/24",
              "172.19.0.0/24",
              "172.20.0.0/24",
              "172.21.0.0/24"
            ],
            "bgp_community": "",
            "ddos_protection_plan": [],
            "dns_servers": [],
            "flow_timeout_in_minutes": 0,
            "guid": "0a177a19-a056-4fe6-85f6-b92783eb8afc",
            "id": "/subscriptions/e3b6ef5f-4e73-4510-9f11-2e94e2e518c7/resourceGroups/duplicate_hvsoc_siempf/providers/Microsoft.Network/virtualNetworks/hvsoc0101-siempfnfs-vnet",
            "location": "japaneast",
            "name": "hvsoc0101-siempfnfs-vnet",
            "resource_group_name": "duplicate_hvsoc_siempf",
            "subnet": [],
            "tags": null,
            "timeouts": {
              "create": null,
              "delete": null,
              "read": null,
              "update": null
            },
            "vm_protection_enabled": false
          },
          "sensitive_attributes": [],
          "private": "eyJlMmJmYjczMC1lY2FhLTExZTYtOGY4OC0zNDM2M2JjN2M0YzAiOnsiY3JlYXRlIjoxODAwMDAwMDAwMDAwLCJkZWxldGUiOjE4MDAwMDAwMDAwMDAsInJlYWQiOjMwMDAwMDAwMDAwMCwidXBkYXRlIjoxODAwMDAwMDAwMDAwfX0=",
          "dependencies": [
            "azurerm_resource_group.hvsoc_siempf"
          ]
        }
      ]
    }
  ]
}
